
Microsoft Visual Studio Solution File, Format Version 12.00
Project("{FAE04EC0-301F-11D3-BF4B-00C04F79EFBC}") = "SharedMemoryServer", "SharedMemoryServer.csproj", "{9C0F8AD7-C874-4760-8F0A-7B58E2B57924}"
EndProject
Global
	GlobalSection(SolutionConfigurationPlatforms) = preSolution
		Debug|Any CPU = Debug|Any CPU
		Release|Any CPU = Release|Any CPU
	EndGlobalSection
	GlobalSection(ProjectConfigurationPlatforms) = postSolution
		{9C0F8AD7-C874-4760-8F0A-7B58E2B57924}.Debug|Any CPU.ActiveCfg = Debug|Any CPU
		{9C0F8AD7-C874-4760-8F0A-7B58E2B57924}.Debug|Any CPU.Build.0 = Debug|Any CPU
		{9C0F8AD7-C874-4760-8F0A-7B58E2B57924}.Release|Any CPU.ActiveCfg = Release|Any CPU
		{9C0F8AD7-C874-4760-8F0A-7B58E2B57924}.Release|Any CPU.Build.0 = Release|Any CPU
	EndGlobalSection
EndGlobal
